{
  "nodes": {
    "kasumi": {
      "inputs": {
        "nixpkgs": [
          "nixpkgs"
        ]
      },
      "locked": {
        "lastModified": 1771871028,
        "narHash": "sha256-7wWIOhVFquqToQhsGkpZzO//tL3GtURuNybxj92yYrs=",
        "rev": "cc0a6826be2c4c4c6a419d7b420980b5d58bebca",
        "type": "tarball",
        "url": "https://codeberg.org/api/v1/repos/nadevko/kasumi/archive/cc0a6826be2c4c4c6a419d7b420980b5d58bebca.tar.gz"
      },
      "original": {
        "type": "tarball",
        "url": "https://codeberg.org/api/v1/repos/nadevko/kasumi/archive/cc0a6826be2c4c4c6a419d7b420980b5d58bebca.tar.gz"
      }
    },
    "nixpkgs": {
      "locked": {
        "lastModified": 1774273680,
        "narHash": "sha256-a++tZ1RQsDb1I0NHrFwdGuRlR5TORvCEUksM459wKUA=",
        "owner": "NixOS",
        "repo": "nixpkgs",
        "rev": "fdc7b8f7b30fdbedec91b71ed82f36e1637483ed",
        "type": "github"
      },
      "original": {
        "owner": "NixOS",
        "ref": "nixpkgs-unstable",
        "repo": "nixpkgs",
        "type": "github"
      }
    },
    "root": {
      "inputs": {
        "kasumi": "kasumi",
        "nixpkgs": "nixpkgs",
        "treefmt-nix": "treefmt-nix"
      }
    },
    "treefmt-nix": {
      "inputs": {
        "nixpkgs": [
          "nixpkgs"
        ]
      },
      "locked": {
        "lastModified": 1773297127,
        "narHash": "sha256-6E/yhXP7Oy/NbXtf1ktzmU8SdVqJQ09HC/48ebEGBpk=",
        "owner": "numtide",
        "repo": "treefmt-nix",
        "rev": "71b125cd05fbfd78cab3e070b73544abe24c5016",
        "type": "github"
      },
      "original": {
        "owner": "numtide",
        "repo": "treefmt-nix",
        "type": "github"
      }
    }
  },
  "root": "root",
  "version": 7
}
